
Microsoft Visual Studio Solution File, Format Version 12.00
# Visual Studio 15
VisualStudioVersion = 15.0.28307.329
MinimumVisualStudioVersion = 10.0.40219.1
Project("{FAE04EC0-301F-11D3-BF4B-00C04F79EFBC}") = "JLib", "JLib\JLib.csproj", "{DC97F557-65AC-445C-BF59-DE56D0A30093}"
EndProject
Global
	GlobalSection(SolutionConfigurationPlatforms) = preSolution
		Debug|Any CPU = Debug|Any CPU
		Release|Any CPU = Release|Any CPU
	EndGlobalSection
	GlobalSection(ProjectConfigurationPlatforms) = postSolution
		{DC97F557-65AC-445C-BF59-DE56D0A30093}.Debug|Any CPU.ActiveCfg = Debug|Any CPU
		{DC97F557-65AC-445C-BF59-DE56D0A30093}.Debug|Any CPU.Build.0 = Debug|Any CPU
		{DC97F557-65AC-445C-BF59-DE56D0A30093}.Release|Any CPU.ActiveCfg = Release|Any CPU
		{DC97F557-65AC-445C-BF59-DE56D0A30093}.Release|Any CPU.Build.0 = Release|Any CPU
	EndGlobalSection
	GlobalSection(SolutionProperties) = preSolution
		HideSolutionNode = FALSE
	EndGlobalSection
	GlobalSection(ExtensibilityGlobals) = postSolution
		SolutionGuid = {E698067C-2FBD-42FE-A905-2C2AFDC8571A}
	EndGlobalSection
EndGlobal
